
Microsoft Visual Studio Solution File, Format Version 12.00
# Visual Studio Version 16
VisualStudioVersion = 16.0.31112.23
MinimumVisualStudioVersion = 10.0.40219.1
Project("{8BC9CEB8-8B4A-11D0-8D11-00A0C91BC942}") = "mower_mvp", "mower_mvp.vcxproj", "{444ADBF1-DB05-478F-937D-2A40CF370E26}"
EndProject
Project("{8BC9CEB8-8B4A-11D0-8D11-00A0C91BC942}") = "test", "test\test.vcxproj", "{26A2B348-6831-46F7-A197-DDDCAE3F4266}"
EndProject
Global
	GlobalSection(SolutionConfigurationPlatforms) = preSolution
		Debug|x64 = Debug|x64
		Debug|x86 = Debug|x86
		Release|x64 = Release|x64
		Release|x86 = Release|x86
	EndGlobalSection
	GlobalSection(ProjectConfigurationPlatforms) = postSolution
		{444ADBF1-DB05-478F-937D-2A40CF370E26}.Debug|x64.ActiveCfg = Debug|x64
		{444ADBF1-DB05-478F-937D-2A40CF370E26}.Debug|x64.Build.0 = Debug|x64
		{444ADBF1-DB05-478F-937D-2A40CF370E26}.Debug|x86.ActiveCfg = Debug|Win32
		{444ADBF1-DB05-478F-937D-2A40CF370E26}.Debug|x86.Build.0 = Debug|Win32
		{444ADBF1-DB05-478F-937D-2A40CF370E26}.Release|x64.ActiveCfg = Release|x64
		{444ADBF1-DB05-478F-937D-2A40CF370E26}.Release|x64.Build.0 = Release|x64
		{444ADBF1-DB05-478F-937D-2A40CF370E26}.Release|x86.ActiveCfg = Release|Win32
		{444ADBF1-DB05-478F-937D-2A40CF370E26}.Release|x86.Build.0 = Release|Win32
		{26A2B348-6831-46F7-A197-DDDCAE3F4266}.Debug|x64.ActiveCfg = Debug|x64
		{26A2B348-6831-46F7-A197-DDDCAE3F4266}.Debug|x64.Build.0 = Debug|x64
		{26A2B348-6831-46F7-A197-DDDCAE3F4266}.Debug|x86.ActiveCfg = Debug|Win32
		{26A2B348-6831-46F7-A197-DDDCAE3F4266}.Debug|x86.Build.0 = Debug|Win32
		{26A2B348-6831-46F7-A197-DDDCAE3F4266}.Release|x64.ActiveCfg = Release|x64
		{26A2B348-6831-46F7-A197-DDDCAE3F4266}.Release|x64.Build.0 = Release|x64
		{26A2B348-6831-46F7-A197-DDDCAE3F4266}.Release|x86.ActiveCfg = Release|Win32
		{26A2B348-6831-46F7-A197-DDDCAE3F4266}.Release|x86.Build.0 = Release|Win32
	EndGlobalSection
	GlobalSection(SolutionProperties) = preSolution
		HideSolutionNode = FALSE
	EndGlobalSection
	GlobalSection(ExtensibilityGlobals) = postSolution
		SolutionGuid = {EBD25725-1360-44FE-B3AE-EB040EFFDEAB}
	EndGlobalSection
EndGlobal
